<?xml version="1.0" encoding="UTF-8"?>
<CodeBlocks_project_file>
	<FileVersion major="1" minor="6"/>
	<Project>
		<Option title="solveur"/>
		<Option makefile_is_custom="1"/>
		<Option compiler="gcc"/>
		<Option virtualFolders="CMake Files\;"/>
		<Build>
			<Target title="all">
				<Option working_dir="/home/audran/Code/projet-cir/concepteur_solveur/solveur"/>
				<Option type="4"/>
				<MakeCommands>
					<Build command="/usr/bin/gmake -f &quot;/home/audran/Code/projet-cir/concepteur_solveur/solveur/Makefile&quot;  VERBOSE=1 all"/>
					<CompileFile command="/usr/bin/gmake -f &quot;/home/audran/Code/projet-cir/concepteur_solveur/solveur/Makefile&quot;  VERBOSE=1 &quot;$file&quot;"/>
					<Clean command="/usr/bin/gmake -f &quot;/home/audran/Code/projet-cir/concepteur_solveur/solveur/Makefile&quot;  VERBOSE=1 clean"/>
					<DistClean command="/usr/bin/gmake -f &quot;/home/audran/Code/projet-cir/concepteur_solveur/solveur/Makefile&quot;  VERBOSE=1 clean"/>
				</MakeCommands>
			</Target>
			<Target title="edit_cache">
				<Option working_dir="/home/audran/Code/projet-cir/concepteur_solveur/solveur"/>
				<Option type="4"/>
				<MakeCommands>
					<Build command="/usr/bin/gmake -f &quot;/home/audran/Code/projet-cir/concepteur_solveur/solveur/Makefile&quot;  VERBOSE=1 edit_cache"/>
					<CompileFile command="/usr/bin/gmake -f &quot;/home/audran/Code/projet-cir/concepteur_solveur/solveur/Makefile&quot;  VERBOSE=1 &quot;$file&quot;"/>
					<Clean command="/usr/bin/gmake -f &quot;/home/audran/Code/projet-cir/concepteur_solveur/solveur/Makefile&quot;  VERBOSE=1 clean"/>
					<DistClean command="/usr/bin/gmake -f &quot;/home/audran/Code/projet-cir/concepteur_solveur/solveur/Makefile&quot;  VERBOSE=1 clean"/>
				</MakeCommands>
			</Target>
			<Target title="rebuild_cache">
				<Option working_dir="/home/audran/Code/projet-cir/concepteur_solveur/solveur"/>
				<Option type="4"/>
				<MakeCommands>
					<Build command="/usr/bin/gmake -f &quot;/home/audran/Code/projet-cir/concepteur_solveur/solveur/Makefile&quot;  VERBOSE=1 rebuild_cache"/>
					<CompileFile command="/usr/bin/gmake -f &quot;/home/audran/Code/projet-cir/concepteur_solveur/solveur/Makefile&quot;  VERBOSE=1 &quot;$file&quot;"/>
					<Clean command="/usr/bin/gmake -f &quot;/home/audran/Code/projet-cir/concepteur_solveur/solveur/Makefile&quot;  VERBOSE=1 clean"/>
					<DistClean command="/usr/bin/gmake -f &quot;/home/audran/Code/projet-cir/concepteur_solveur/solveur/Makefile&quot;  VERBOSE=1 clean"/>
				</MakeCommands>
			</Target>
			<Target title="solveur">
				<Option output="/home/audran/Code/projet-cir/concepteur_solveur/solveur/solveur" prefix_auto="0" extension_auto="0"/>
				<Option working_dir="/home/audran/Code/projet-cir/concepteur_solveur/solveur"/>
				<Option object_output="./"/>
				<Option type="1"/>
				<Option compiler="gcc"/>
				<Compiler/>
				<MakeCommands>
					<Build command="/usr/bin/gmake -f &quot;/home/audran/Code/projet-cir/concepteur_solveur/solveur/Makefile&quot;  VERBOSE=1 solveur"/>
					<CompileFile command="/usr/bin/gmake -f &quot;/home/audran/Code/projet-cir/concepteur_solveur/solveur/Makefile&quot;  VERBOSE=1 &quot;$file&quot;"/>
					<Clean command="/usr/bin/gmake -f &quot;/home/audran/Code/projet-cir/concepteur_solveur/solveur/Makefile&quot;  VERBOSE=1 clean"/>
					<DistClean command="/usr/bin/gmake -f &quot;/home/audran/Code/projet-cir/concepteur_solveur/solveur/Makefile&quot;  VERBOSE=1 clean"/>
				</MakeCommands>
			</Target>
			<Target title="solveur/fast">
				<Option output="/home/audran/Code/projet-cir/concepteur_solveur/solveur/solveur" prefix_auto="0" extension_auto="0"/>
				<Option working_dir="/home/audran/Code/projet-cir/concepteur_solveur/solveur"/>
				<Option object_output="./"/>
				<Option type="1"/>
				<Option compiler="gcc"/>
				<Compiler/>
				<MakeCommands>
					<Build command="/usr/bin/gmake -f &quot;/home/audran/Code/projet-cir/concepteur_solveur/solveur/Makefile&quot;  VERBOSE=1 solveur/fast"/>
					<CompileFile command="/usr/bin/gmake -f &quot;/home/audran/Code/projet-cir/concepteur_solveur/solveur/Makefile&quot;  VERBOSE=1 &quot;$file&quot;"/>
					<Clean command="/usr/bin/gmake -f &quot;/home/audran/Code/projet-cir/concepteur_solveur/solveur/Makefile&quot;  VERBOSE=1 clean"/>
					<DistClean command="/usr/bin/gmake -f &quot;/home/audran/Code/projet-cir/concepteur_solveur/solveur/Makefile&quot;  VERBOSE=1 clean"/>
				</MakeCommands>
			</Target>
		</Build>
		<Unit filename="/home/audran/Code/projet-cir/concepteur_solveur/solveur/src/TerminalUtils.c">
			<Option target="solveur"/>
		</Unit>
		<Unit filename="/home/audran/Code/projet-cir/concepteur_solveur/solveur/src/TerminalUtils.h">
			<Option target="solveur"/>
		</Unit>
		<Unit filename="/home/audran/Code/projet-cir/concepteur_solveur/solveur/src/fonctions.h">
			<Option target="solveur"/>
		</Unit>
		<Unit filename="/home/audran/Code/projet-cir/concepteur_solveur/solveur/src/main.c">
			<Option target="solveur"/>
		</Unit>
		<Unit filename="/home/audran/Code/projet-cir/concepteur_solveur/solveur/src/queue.c">
			<Option target="solveur"/>
		</Unit>
		<Unit filename="/home/audran/Code/projet-cir/concepteur_solveur/solveur/src/queue.h">
			<Option target="solveur"/>
		</Unit>
		<Unit filename="/home/audran/Code/projet-cir/concepteur_solveur/solveur/src/simulation.c">
			<Option target="solveur"/>
		</Unit>
		<Unit filename="/home/audran/Code/projet-cir/concepteur_solveur/solveur/src/simulation.h">
			<Option target="solveur"/>
		</Unit>
		<Unit filename="/home/audran/Code/projet-cir/concepteur_solveur/solveur/src/stack.c">
			<Option target="solveur"/>
		</Unit>
		<Unit filename="/home/audran/Code/projet-cir/concepteur_solveur/solveur/src/stack.h">
			<Option target="solveur"/>
		</Unit>
		<Unit filename="/home/audran/Code/projet-cir/concepteur_solveur/solveur/CMakeLists.txt">
			<Option virtualFolder="CMake Files\"/>
		</Unit>
	</Project>
</CodeBlocks_project_file>
